
Microsoft Visual Studio Solution File, Format Version 12.00
# Visual Studio Version 16
VisualStudioVersion = 16.0.30611.23
MinimumVisualStudioVersion = 10.0.40219.1
Project("{9A19103F-16F7-4668-BE54-9A1E7A4F7556}") = "ADETQ3_VERANGA_PERLYREY", "ADETQ3_BREXTER_GARCIA\ADETQ3_VERANGA_PERLYREY.csproj", "{49A9B31F-2CDD-427D-B626-D07E72B5857B}"
EndProject
Global
	GlobalSection(SolutionConfigurationPlatforms) = preSolution
		Debug|Any CPU = Debug|Any CPU
		Release|Any CPU = Release|Any CPU
	EndGlobalSection
	GlobalSection(ProjectConfigurationPlatforms) = postSolution
		{49A9B31F-2CDD-427D-B626-D07E72B5857B}.Debug|Any CPU.ActiveCfg = Debug|Any CPU
		{49A9B31F-2CDD-427D-B626-D07E72B5857B}.Debug|Any CPU.Build.0 = Debug|Any CPU
		{49A9B31F-2CDD-427D-B626-D07E72B5857B}.Release|Any CPU.ActiveCfg = Release|Any CPU
		{49A9B31F-2CDD-427D-B626-D07E72B5857B}.Release|Any CPU.Build.0 = Release|Any CPU
	EndGlobalSection
	GlobalSection(SolutionProperties) = preSolution
		HideSolutionNode = FALSE
	EndGlobalSection
	GlobalSection(ExtensibilityGlobals) = postSolution
		SolutionGuid = {93DEA323-7BC0-4CD4-97F5-61BDDD58FC77}
	EndGlobalSection
EndGlobal
